# This file is generated by running "yarn install" inside your project.
# Manual changes might be lost - proceed with caution!

__metadata:
  version: 8
  cacheKey: 10

"custom@workspace:packages/custom":
  version: 0.0.0-use.local
  resolution: "custom@workspace:packages/custom"
  dependencies:
    zod: "catalog:"
  peerDependencies:
    zod: "*"
  languageName: unknown
  linkType: soft

"yarn-catalog-repro@workspace:.":
  version: 0.0.0-use.local
  resolution: "yarn-catalog-repro@workspace:."
  dependencies:
    zod: "catalog:"
  languageName: unknown
  linkType: soft

"zod@npm:^4.1.5":
  version: 4.1.11
  resolution: "zod@npm:4.1.11"
  checksum: 10/5a0f5697dbe86bf40934916d888cfe0ec6f1f767eb0b6f944ffd5573397c8a56ef7d2ebd0f889bfb44ceaf93edcddf021994633747a9a6b0dcbeb57bd0a67442
  languageName: node
  linkType: hard
